// !$*UTF8*$!
{
	archiveVersion = 1;
	classes = {
	};
	objectVersion = 46;
	objects = {

/* Begin PBXBuildFile section */
		49D1B0101CE36D14C8B6521E /* Assets.xcassets in Resources */ = {isa = PBXBuildFile; fileRef = 49D1BAE37934BDEDC693EB50 /* Assets.xcassets */; };
		49D1B17F76739EB23B2036F5 /* DetailViewController.swift in Sources */ = {isa = PBXBuildFile; fileRef = 49D1B1E7BCCE093EA22B9E07 /* DetailViewController.swift */; };
		49D1B37A4A43D6DA943C273B /* iOS_final_projectUITests.swift in Sources */ = {isa = PBXBuildFile; fileRef = 49D1B17A6C0CE215F5CB57A1 /* iOS_final_projectUITests.swift */; };
		49D1B4063A78E4ACF11179C4 /* MasterViewController.swift in Sources */ = {isa = PBXBuildFile; fileRef = 49D1B54FAAA45269D5F00E9E /* MasterViewController.swift */; };
		49D1B696EAA5900F81761E54 /* iOS_final_projectTests.swift in Sources */ = {isa = PBXBuildFile; fileRef = 49D1BA0BB21A2E041916787D /* iOS_final_projectTests.swift */; };
		49D1BB4338CE92B5256B908E /* AppDelegate.swift in Sources */ = {isa = PBXBuildFile; fileRef = 49D1B9C3E1B8695D80874B4A /* AppDelegate.swift */; };
		49D1BBB2C4313949622238E6 /* Main.storyboard in Resources */ = {isa = PBXBuildFile; fileRef = 49D1B420866F61D43BE31562 /* Main.storyboard */; };
		49D1BDA0E9C057EC034599FC /* LaunchScreen.storyboard in Resources */ = {isa = PBXBuildFile; fileRef = 49D1BD7DEB335DFBEE0434EA /* LaunchScreen.storyboard */; };
		79D22EDD2093FED50002EDA0 /* Field line.png in Resources */ = {isa = PBXBuildFile; fileRef = 79D22EDC2093FED50002EDA0 /* Field line.png */; };
		79D22EDF2093FFB60002EDA0 /* Field line.png in Resources */ = {isa = PBXBuildFile; fileRef = 79D22EDE2093FFB60002EDA0 /* Field line.png */; };
		79D22EE1209400770002EDA0 /* Field line.png in Resources */ = {isa = PBXBuildFile; fileRef = 79D22EE0209400770002EDA0 /* Field line.png */; };
		79D22EE2209400F80002EDA0 /* Main.storyboard in Resources */ = {isa = PBXBuildFile; fileRef = 49D1B420866F61D43BE31562 /* Main.storyboard */; };
		79D22EE3209400F90002EDA0 /* Main.storyboard in Resources */ = {isa = PBXBuildFile; fileRef = 49D1B420866F61D43BE31562 /* Main.storyboard */; };
/* End PBXBuildFile section */

/* Begin PBXContainerItemProxy section */
		49D1BAAFC5CF72FB9A4A3D5C /* PBXContainerItemProxy */ = {
			isa = PBXContainerItemProxy;
			containerPortal = 49D1B59040DE141CAFF1E4DC /* Project object */;
			proxyType = 1;
			remoteGlobalIDString = 49D1BFF5CBF8485D67D86593;
			remoteInfo = iOS_final_project;
		};
		49D1BCF96AA1CE584D1E4F86 /* PBXContainerItemProxy */ = {
			isa = PBXContainerItemProxy;
			containerPortal = 49D1B59040DE141CAFF1E4DC /* Project object */;
			proxyType = 1;
			remoteGlobalIDString = 49D1BFF5CBF8485D67D86593;
			remoteInfo = iOS_final_project;
		};
/* End PBXContainerItemProxy section */

/* Begin PBXFileReference section */
		49D1B129B7F3FDB7B89F0458 /* Info.plist */ = {isa = PBXFileReference; lastKnownFileType = text.plist.info; path = Info.plist; sourceTree = "<group>"; };
		49D1B17A6C0CE215F5CB57A1 /* iOS_final_projectUITests.swift */ = {isa = PBXFileReference; lastKnownFileType = sourcecode.swift; path = iOS_final_projectUITests.swift; sourceTree = "<group>"; };
		49D1B1B231D6EBA6D9F7FF11 /* Base */ = {isa = PBXFileReference; lastKnownFileType = file.storyboard; name = Base; path = Base.lproj/LaunchScreen.storyboard; sourceTree = "<group>"; };
		49D1B1E7BCCE093EA22B9E07 /* DetailViewController.swift */ = {isa = PBXFileReference; lastKnownFileType = sourcecode.swift; path = DetailViewController.swift; sourceTree = "<group>"; };
		49D1B321A515423917DC5EDA /* iOS_final_projectTests.xctest */ = {isa = PBXFileReference; explicitFileType = wrapper.cfbundle; includeInIndex = 0; path = iOS_final_projectTests.xctest; sourceTree = BUILT_PRODUCTS_DIR; };
		49D1B4357C1D93ED3A0A4EC3 /* iOS_final_projectUITests.xctest */ = {isa = PBXFileReference; explicitFileType = wrapper.cfbundle; includeInIndex = 0; path = iOS_final_projectUITests.xctest; sourceTree = BUILT_PRODUCTS_DIR; };
		49D1B4B23CDA1566566A0235 /* Info.plist */ = {isa = PBXFileReference; lastKnownFileType = text.plist.info; path = Info.plist; sourceTree = "<group>"; };
		49D1B54FAAA45269D5F00E9E /* MasterViewController.swift */ = {isa = PBXFileReference; lastKnownFileType = sourcecode.swift; path = MasterViewController.swift; sourceTree = "<group>"; };
		49D1B9C3E1B8695D80874B4A /* AppDelegate.swift */ = {isa = PBXFileReference; lastKnownFileType = sourcecode.swift; path = AppDelegate.swift; sourceTree = "<group>"; };
		49D1BA0BB21A2E041916787D /* iOS_final_projectTests.swift */ = {isa = PBXFileReference; lastKnownFileType = sourcecode.swift; path = iOS_final_projectTests.swift; sourceTree = "<group>"; };
		49D1BAE37934BDEDC693EB50 /* Assets.xcassets */ = {isa = PBXFileReference; lastKnownFileType = folder.assetcatalog; path = Assets.xcassets; sourceTree = "<group>"; };
		49D1BB962035FA32EEEFA2BD /* Base */ = {isa = PBXFileReference; lastKnownFileType = file.storyboard; name = Base; path = Base.lproj/Main.storyboard; sourceTree = "<group>"; };
		49D1BD26204F7C699E3CAAAB /* iOS_final_project.app */ = {isa = PBXFileReference; explicitFileType = wrapper.application; includeInIndex = 0; path = iOS_final_project.app; sourceTree = BUILT_PRODUCTS_DIR; };
		49D1BFB8C577D893889A5D82 /* Info.plist */ = {isa = PBXFileReference; lastKnownFileType = text.plist.info; path = Info.plist; sourceTree = "<group>"; };
		79D22EDC2093FED50002EDA0 /* Field line.png */ = {isa = PBXFileReference; lastKnownFileType = image.png; name = "Field line.png"; path = "../../Field line.png"; sourceTree = "<group>"; };
		79D22EDE2093FFB60002EDA0 /* Field line.png */ = {isa = PBXFileReference; lastKnownFileType = image.png; name = "Field line.png"; path = "../../Field line.png"; sourceTree = "<group>"; };
		79D22EE0209400770002EDA0 /* Field line.png */ = {isa = PBXFileReference; lastKnownFileType = image.png; name = "Field line.png"; path = "../../Field line.png"; sourceTree = "<group>"; };
		79D22EE5209401290002EDA0 /* en */ = {isa = PBXFileReference; lastKnownFileType = text.plist.strings; name = en; path = en.lproj/Main.strings; sourceTree = "<group>"; };
/* End PBXFileReference section */

/* Begin PBXFrameworksBuildPhase section */
		49D1B1A062EBF145BFDD99E7 /* Frameworks */ = {
			isa = PBXFrameworksBuildPhase;
			buildActionMask = 2147483647;
			files = (
			);
			runOnlyForDeploymentPostprocessing = 0;
		};
		49D1B427DBDBFF94978FC7CD /* Frameworks */ = {
			isa = PBXFrameworksBuildPhase;
			buildActionMask = 2147483647;
			files = (
			);
			runOnlyForDeploymentPostprocessing = 0;
		};
		49D1BC6CD5BCEDD4DF5E22DD /* Frameworks */ = {
			isa = PBXFrameworksBuildPhase;
			buildActionMask = 2147483647;
			files = (
			);
			runOnlyForDeploymentPostprocessing = 0;
		};
/* End PBXFrameworksBuildPhase section */

/* Begin PBXGroup section */
		49D1B01DD55BC955D7BF0658 /* Products */ = {
			isa = PBXGroup;
			children = (
				49D1BD26204F7C699E3CAAAB /* iOS_final_project.app */,
				49D1B321A515423917DC5EDA /* iOS_final_projectTests.xctest */,
				49D1B4357C1D93ED3A0A4EC3 /* iOS_final_projectUITests.xctest */,
			);
			name = Products;
			sourceTree = "<group>";
		};
		49D1B11D4855E666642F745F /* iOS_final_projectUITests */ = {
			isa = PBXGroup;
			children = (
				49D1BFB8C577D893889A5D82 /* Info.plist */,
				49D1B17A6C0CE215F5CB57A1 /* iOS_final_projectUITests.swift */,
			);
			path = iOS_final_projectUITests;
			sourceTree = "<group>";
		};
		49D1B459D5E43EF608FE41EB /* iOS_final_project */ = {
			isa = PBXGroup;
			children = (
				49D1B129B7F3FDB7B89F0458 /* Info.plist */,
				79D22EE0209400770002EDA0 /* Field line.png */,
				49D1B420866F61D43BE31562 /* Main.storyboard */,
				49D1BAE37934BDEDC693EB50 /* Assets.xcassets */,
				49D1BD7DEB335DFBEE0434EA /* LaunchScreen.storyboard */,
				49D1B9C3E1B8695D80874B4A /* AppDelegate.swift */,
				79D22EE0209400770002EDA0 /* Field line.png */,
				79D22EDE2093FFB60002EDA0 /* Field line.png */,
				49D1B54FAAA45269D5F00E9E /* MasterViewController.swift */,
				49D1B1E7BCCE093EA22B9E07 /* DetailViewController.swift */,
			);
			path = iOS_final_project;
			sourceTree = "<group>";
		};
		49D1BBBEFF51293356AB110A = {
			isa = PBXGroup;
			children = (
				49D1B01DD55BC955D7BF0658 /* Products */,
				49D1B459D5E43EF608FE41EB /* iOS_final_project */,
				49D1BC81F260329B9C4CD556 /* iOS_final_projectTests */,
				49D1B11D4855E666642F745F /* iOS_final_projectUITests */,
			);
			sourceTree = "<group>";
		};
		49D1BC81F260329B9C4CD556 /* iOS_final_projectTests */ = {
			isa = PBXGroup;
			children = (
				49D1B4B23CDA1566566A0235 /* Info.plist */,
				49D1BA0BB21A2E041916787D /* iOS_final_projectTests.swift */,
			);
			path = iOS_final_projectTests;
			sourceTree = "<group>";
		};
/* End PBXGroup section */

/* Begin PBXNativeTarget section */
		49D1B6557654E153578F6FA4 /* iOS_final_projectTests */ = {
			isa = PBXNativeTarget;
			buildConfigurationList = 49D1B7E506F26982824A93C8 /* Build configuration list for PBXNativeTarget "iOS_final_projectTests" */;
			buildPhases = (
				49D1BFEBA1B28959A491F343 /* Sources */,
				49D1B1A062EBF145BFDD99E7 /* Frameworks */,
				49D1BD8F114D16894E2C579E /* Resources */,
			);
			buildRules = (
			);
			dependencies = (
				49D1B69006E30A50C9DDA570 /* PBXTargetDependency */,
			);
			name = iOS_final_projectTests;
			productName = iOS_final_projectTests;
			productReference = 49D1B321A515423917DC5EDA /* iOS_final_projectTests.xctest */;
			productType = "com.apple.product-type.bundle.unit-test";
		};
		49D1BF95311F7AF61D4E70B3 /* iOS_final_projectUITests */ = {
			isa = PBXNativeTarget;
			buildConfigurationList = 49D1B037787AA6126F03DA62 /* Build configuration list for PBXNativeTarget "iOS_final_projectUITests" */;
			buildPhases = (
				49D1BFA0B445AAB2275F3C36 /* Sources */,
				49D1BC6CD5BCEDD4DF5E22DD /* Frameworks */,
				49D1BA33F017D0666D176637 /* Resources */,
			);
			buildRules = (
			);
			dependencies = (
				49D1B0A9D7150A3E12D31A55 /* PBXTargetDependency */,
			);
			name = iOS_final_projectUITests;
			productName = iOS_final_projectUITests;
			productReference = 49D1B4357C1D93ED3A0A4EC3 /* iOS_final_projectUITests.xctest */;
			productType = "com.apple.product-type.bundle.ui-testing";
		};
		49D1BFF5CBF8485D67D86593 /* iOS_final_project */ = {
			isa = PBXNativeTarget;
			buildConfigurationList = 49D1BD779C52DDC64393D5B0 /* Build configuration list for PBXNativeTarget "iOS_final_project" */;
			buildPhases = (
				49D1B9D7485857773C00FE7B /* Sources */,
				49D1B427DBDBFF94978FC7CD /* Frameworks */,
				49D1BE4950F854865F299211 /* Resources */,
			);
			buildRules = (
			);
			dependencies = (
			);
			name = iOS_final_project;
			productName = iOS_final_project;
			productReference = 49D1BD26204F7C699E3CAAAB /* iOS_final_project.app */;
			productType = "com.apple.product-type.application";
		};
/* End PBXNativeTarget section */

/* Begin PBXProject section */
		49D1B59040DE141CAFF1E4DC /* Project object */ = {
			isa = PBXProject;
			attributes = {
				ORGANIZATIONNAME = ncgheorghe;
			};
			buildConfigurationList = 49D1BE74543F10C4754EC5C9 /* Build configuration list for PBXProject "iOS_final_project" */;
			compatibilityVersion = "Xcode 3.2";
			developmentRegion = English;
			hasScannedForEncodings = 0;
			knownRegions = (
				en,
			);
			mainGroup = 49D1BBBEFF51293356AB110A;
			productRefGroup = 49D1B01DD55BC955D7BF0658 /* Products */;
			projectDirPath = "";
			projectRoot = "";
			targets = (
				49D1BFF5CBF8485D67D86593 /* iOS_final_project */,
				49D1B6557654E153578F6FA4 /* iOS_final_projectTests */,
				49D1BF95311F7AF61D4E70B3 /* iOS_final_projectUITests */,
			);
		};
/* End PBXProject section */

/* Begin PBXResourcesBuildPhase section */
		49D1BA33F017D0666D176637 /* Resources */ = {
			isa = PBXResourcesBuildPhase;
			buildActionMask = 2147483647;
			files = (
				79D22EE3209400F90002EDA0 /* Main.storyboard in Resources */,
			);
			runOnlyForDeploymentPostprocessing = 0;
		};
		49D1BD8F114D16894E2C579E /* Resources */ = {
			isa = PBXResourcesBuildPhase;
			buildActionMask = 2147483647;
			files = (
				79D22EE2209400F80002EDA0 /* Main.storyboard in Resources */,
			);
			runOnlyForDeploymentPostprocessing = 0;
		};
		49D1BE4950F854865F299211 /* Resources */ = {
			isa = PBXResourcesBuildPhase;
			buildActionMask = 2147483647;
			files = (
				49D1B0101CE36D14C8B6521E /* Assets.xcassets in Resources */,
				79D22EDD2093FED50002EDA0 /* Field line.png in Resources */,
				49D1BDA0E9C057EC034599FC /* LaunchScreen.storyboard in Resources */,
				79D22EDF2093FFB60002EDA0 /* Field line.png in Resources */,
				49D1BBB2C4313949622238E6 /* Main.storyboard in Resources */,
				79D22EE1209400770002EDA0 /* Field line.png in Resources */,
			);
			runOnlyForDeploymentPostprocessing = 0;
		};
/* End PBXResourcesBuildPhase section */

/* Begin PBXSourcesBuildPhase section */
		49D1B9D7485857773C00FE7B /* Sources */ = {
			isa = PBXSourcesBuildPhase;
			buildActionMask = 2147483647;
			files = (
				49D1BB4338CE92B5256B908E /* AppDelegate.swift in Sources */,
				49D1B4063A78E4ACF11179C4 /* MasterViewController.swift in Sources */,
				49D1B17F76739EB23B2036F5 /* DetailViewController.swift in Sources */,
			);
			runOnlyForDeploymentPostprocessing = 0;
		};
		49D1BFA0B445AAB2275F3C36 /* Sources */ = {
			isa = PBXSourcesBuildPhase;
			buildActionMask = 2147483647;
			files = (
				49D1B37A4A43D6DA943C273B /* iOS_final_projectUITests.swift in Sources */,
			);
			runOnlyForDeploymentPostprocessing = 0;
		};
		49D1BFEBA1B28959A491F343 /* Sources */ = {
			isa = PBXSourcesBuildPhase;
			buildActionMask = 2147483647;
			files = (
				49D1B696EAA5900F81761E54 /* iOS_final_projectTests.swift in Sources */,
			);
			runOnlyForDeploymentPostprocessing = 0;
		};
/* End PBXSourcesBuildPhase section */

/* Begin PBXTargetDependency section */
		49D1B0A9D7150A3E12D31A55 /* PBXTargetDependency */ = {
			isa = PBXTargetDependency;
			target = 49D1BFF5CBF8485D67D86593 /* iOS_final_project */;
			targetProxy = 49D1BAAFC5CF72FB9A4A3D5C /* PBXContainerItemProxy */;
		};
		49D1B69006E30A50C9DDA570 /* PBXTargetDependency */ = {
			isa = PBXTargetDependency;
			target = 49D1BFF5CBF8485D67D86593 /* iOS_final_project */;
			targetProxy = 49D1BCF96AA1CE584D1E4F86 /* PBXContainerItemProxy */;
		};
/* End PBXTargetDependency section */

/* Begin PBXVariantGroup section */
		49D1B420866F61D43BE31562 /* Main.storyboard */ = {
			isa = PBXVariantGroup;
			children = (
				49D1BB962035FA32EEEFA2BD /* Base */,
				79D22EE5209401290002EDA0 /* en */,
			);
			name = Main.storyboard;
			sourceTree = "<group>";
		};
		49D1BD7DEB335DFBEE0434EA /* LaunchScreen.storyboard */ = {
			isa = PBXVariantGroup;
			children = (
				49D1B1B231D6EBA6D9F7FF11 /* Base */,
			);
			name = LaunchScreen.storyboard;
			sourceTree = "<group>";
		};
/* End PBXVariantGroup section */

/* Begin XCBuildConfiguration section */
		49D1B32B2143A060A8C590AF /* Debug */ = {
			isa = XCBuildConfiguration;
			buildSettings = {
				BUNDLE_LOADER = "$(BUILT_PRODUCTS_DIR)/iOS_final_project.app/iOS_final_project";
				INFOPLIST_FILE = iOS_final_projectTests/Info.plist;
				LD_RUNPATH_SEARCH_PATHS = "$(inherited) @executable_path/Frameworks @loader_path/Frameworks";
				PRODUCT_BUNDLE_IDENTIFIER = "ncgheorghe.iOS-final-projectTests";
				PRODUCT_NAME = "$(TARGET_NAME)";
				SWIFT_VERSION = 4.0;
				TARGETED_DEVICE_FAMILY = "1,2";
				TEST_HOST = "$(BUNDLE_LOADER)";
			};
			name = Debug;
		};
		49D1B8592D55D606A95C2C01 /* Debug */ = {
			isa = XCBuildConfiguration;
			buildSettings = {
				INFOPLIST_FILE = iOS_final_projectUITests/Info.plist;
				LD_RUNPATH_SEARCH_PATHS = "$(inherited) @executable_path/Frameworks @loader_path/Frameworks";
				PRODUCT_BUNDLE_IDENTIFIER = "ncgheorghe.iOS-final-projectUITests";
				PRODUCT_NAME = "$(TARGET_NAME)";
				SWIFT_VERSION = 4.0;
				TARGETED_DEVICE_FAMILY = "1,2";
				TEST_TARGET_NAME = iOS_final_project;
			};
			name = Debug;
		};
		49D1B8B4E92F7ABD46EFDBF0 /* Release */ = {
			isa = XCBuildConfiguration;
			buildSettings = {
				BUNDLE_LOADER = "$(BUILT_PRODUCTS_DIR)/iOS_final_project.app/iOS_final_project";
				INFOPLIST_FILE = iOS_final_projectTests/Info.plist;
				LD_RUNPATH_SEARCH_PATHS = "$(inherited) @executable_path/Frameworks @loader_path/Frameworks";
				PRODUCT_BUNDLE_IDENTIFIER = "ncgheorghe.iOS-final-projectTests";
				PRODUCT_NAME = "$(TARGET_NAME)";
				SWIFT_VERSION = 4.0;
				TARGETED_DEVICE_FAMILY = "1,2";
				TEST_HOST = "$(BUNDLE_LOADER)";
			};
			name = Release;
		};
		49D1B8D97F4091D7BBB01B24 /* Release */ = {
			isa = XCBuildConfiguration;
			buildSettings = {
				ALWAYS_SEARCH_USER_PATHS = NO;
				CLANG_ANALYZER_NONNULL = YES;
				CLANG_ANALYZER_NUMBER_OBJECT_CONVERSION = YES_AGGRESSIVE;
				CLANG_CXX_LANGUAGE_STANDARD = "gnu++14";
				CLANG_CXX_LIBRARY = "libc++";
				CLANG_ENABLE_MODULES = YES;
				CLANG_ENABLE_OBJC_ARC = YES;
				CLANG_WARN_BLOCK_CAPTURE_AUTORELEASING = YES;
				CLANG_WARN_BOOL_CONVERSION = YES;
				CLANG_WARN_COMMA = YES;
				CLANG_WARN_CONSTANT_CONVERSION = YES;
				CLANG_WARN_DIRECT_OBJC_ISA_USAGE = YES_ERROR;
				CLANG_WARN_DOCUMENTATION_COMMENTS = YES;
				CLANG_WARN_EMPTY_BODY = YES;
				CLANG_WARN_ENUM_CONVERSION = YES;
				CLANG_WARN_INFINITE_RECURSION = YES;
				CLANG_WARN_INT_CONVERSION = YES;
				CLANG_WARN_NON_LITERAL_NULL_CONVERSION = YES;
				CLANG_WARN_OBJC_LITERAL_CONVERSION = YES;
				CLANG_WARN_OBJC_ROOT_CLASS = YES_ERROR;
				CLANG_WARN_RANGE_LOOP_ANALYSIS = YES;
				CLANG_WARN_STRICT_PROTOTYPES = YES;
				CLANG_WARN_SUSPICIOUS_MOVE = YES;
				CLANG_WARN_UNGUARDED_AVAILABILITY = YES_AGGRESSIVE;
				CLANG_WARN_UNREACHABLE_CODE = YES;
				CLANG_WARN__DUPLICATE_METHOD_MATCH = YES;
				CODE_SIGN_IDENTITY = "iPhone Developer";
				COPY_PHASE_STRIP = NO;
				DEBUG_INFORMATION_FORMAT = "dwarf-with-dsym";
				ENABLE_NS_ASSERTIONS = NO;
				ENABLE_STRICT_OBJC_MSGSEND = YES;
				GCC_C_LANGUAGE_STANDARD = gnu11;
				GCC_NO_COMMON_BLOCKS = YES;
				GCC_WARN_64_TO_32_BIT_CONVERSION = YES;
				GCC_WARN_ABOUT_RETURN_TYPE = YES_ERROR;
				GCC_WARN_UNDECLARED_SELECTOR = YES;
				GCC_WARN_UNINITIALIZED_AUTOS = YES_AGGRESSIVE;
				GCC_WARN_UNUSED_FUNCTION = YES;
				GCC_WARN_UNUSED_VARIABLE = YES;
				IPHONEOS_DEPLOYMENT_TARGET = 11.2;
				MTL_ENABLE_DEBUG_INFO = NO;
				SDKROOT = iphoneos;
				SWIFT_OPTIMIZATION_LEVEL = "-Owholemodule";
				VALIDATE_PRODUCT = YES;
			};
			name = Release;
		};
		49D1B8F9BA983800F512E1F7 /* Release */ = {
			isa = XCBuildConfiguration;
			buildSettings = {
				INFOPLIST_FILE = iOS_final_projectUITests/Info.plist;
				LD_RUNPATH_SEARCH_PATHS = "$(inherited) @executable_path/Frameworks @loader_path/Frameworks";
				PRODUCT_BUNDLE_IDENTIFIER = "ncgheorghe.iOS-final-projectUITests";
				PRODUCT_NAME = "$(TARGET_NAME)";
				SWIFT_VERSION = 4.0;
				TARGETED_DEVICE_FAMILY = "1,2";
				TEST_TARGET_NAME = iOS_final_project;
			};
			name = Release;
		};
		49D1BA564D438E7F8F5D4017 /* Release */ = {
			isa = XCBuildConfiguration;
			buildSettings = {
				ASSETCATALOG_COMPILER_APPICON_NAME = AppIcon;
				INFOPLIST_FILE = iOS_final_project/Info.plist;
				LD_RUNPATH_SEARCH_PATHS = "$(inherited) @executable_path/Frameworks";
				PRODUCT_BUNDLE_IDENTIFIER = "ncgheorghe.iOS-final-project";
				PRODUCT_NAME = "$(TARGET_NAME)";
				SWIFT_VERSION = 4.0;
				TARGETED_DEVICE_FAMILY = "1,2";
			};
			name = Release;
		};
		49D1BDD37907917BCCA50F48 /* Debug */ = {
			isa = XCBuildConfiguration;
			buildSettings = {
				ALWAYS_SEARCH_USER_PATHS = NO;
				CLANG_ANALYZER_NONNULL = YES;
				CLANG_ANALYZER_NUMBER_OBJECT_CONVERSION = YES_AGGRESSIVE;
				CLANG_CXX_LANGUAGE_STANDARD = "gnu++14";
				CLANG_CXX_LIBRARY = "libc++";
				CLANG_ENABLE_MODULES = YES;
				CLANG_ENABLE_OBJC_ARC = YES;
				CLANG_WARN_BLOCK_CAPTURE_AUTORELEASING = YES;
				CLANG_WARN_BOOL_CONVERSION = YES;
				CLANG_WARN_COMMA = YES;
				CLANG_WARN_CONSTANT_CONVERSION = YES;
				CLANG_WARN_DIRECT_OBJC_ISA_USAGE = YES_ERROR;
				CLANG_WARN_DOCUMENTATION_COMMENTS = YES;
				CLANG_WARN_EMPTY_BODY = YES;
				CLANG_WARN_ENUM_CONVERSION = YES;
				CLANG_WARN_INFINITE_RECURSION = YES;
				CLANG_WARN_INT_CONVERSION = YES;
				CLANG_WARN_NON_LITERAL_NULL_CONVERSION = YES;
				CLANG_WARN_OBJC_LITERAL_CONVERSION = YES;
				CLANG_WARN_OBJC_ROOT_CLASS = YES_ERROR;
				CLANG_WARN_RANGE_LOOP_ANALYSIS = YES;
				CLANG_WARN_STRICT_PROTOTYPES = YES;
				CLANG_WARN_SUSPICIOUS_MOVE = YES;
				CLANG_WARN_UNGUARDED_AVAILABILITY = YES_AGGRESSIVE;
				CLANG_WARN_UNREACHABLE_CODE = YES;
				CLANG_WARN__DUPLICATE_METHOD_MATCH = YES;
				CODE_SIGN_IDENTITY = "iPhone Developer";
				COPY_PHASE_STRIP = NO;
				DEBUG_INFORMATION_FORMAT = dwarf;
				ENABLE_STRICT_OBJC_MSGSEND = YES;
				ENABLE_TESTABILITY = YES;
				GCC_C_LANGUAGE_STANDARD = gnu11;
				GCC_DYNAMIC_NO_PIC = NO;
				GCC_NO_COMMON_BLOCKS = YES;
				GCC_OPTIMIZATION_LEVEL = 0;
				GCC_PREPROCESSOR_DEFINITIONS = (
					"DEBUG=1",
					"$(inherited)",
				);
				GCC_WARN_64_TO_32_BIT_CONVERSION = YES;
				GCC_WARN_ABOUT_RETURN_TYPE = YES_ERROR;
				GCC_WARN_UNDECLARED_SELECTOR = YES;
				GCC_WARN_UNINITIALIZED_AUTOS = YES_AGGRESSIVE;
				GCC_WARN_UNUSED_FUNCTION = YES;
				GCC_WARN_UNUSED_VARIABLE = YES;
				IPHONEOS_DEPLOYMENT_TARGET = 11.2;
				MTL_ENABLE_DEBUG_INFO = YES;
				ONLY_ACTIVE_ARCH = YES;
				SDKROOT = iphoneos;
				SWIFT_ACTIVE_COMPILATION_CONDITIONS = DEBUG;
				SWIFT_OPTIMIZATION_LEVEL = "-Onone";
			};
			name = Debug;
		};
		49D1BEFCD3F13D4E806616E6 /* Debug */ = {
			isa = XCBuildConfiguration;
			buildSettings = {
				ASSETCATALOG_COMPILER_APPICON_NAME = AppIcon;
				INFOPLIST_FILE = iOS_final_project/Info.plist;
				LD_RUNPATH_SEARCH_PATHS = "$(inherited) @executable_path/Frameworks";
				PRODUCT_BUNDLE_IDENTIFIER = "ncgheorghe.iOS-final-project";
				PRODUCT_NAME = "$(TARGET_NAME)";
				SWIFT_VERSION = 4.0;
				TARGETED_DEVICE_FAMILY = "1,2";
			};
			name = Debug;
		};
/* End XCBuildConfiguration section */

/* Begin XCConfigurationList section */
		49D1B037787AA6126F03DA62 /* Build configuration list for PBXNativeTarget "iOS_final_projectUITests" */ = {
			isa = XCConfigurationList;
			buildConfigurations = (
				49D1B8592D55D606A95C2C01 /* Debug */,
				49D1B8F9BA983800F512E1F7 /* Release */,
			);
			defaultConfigurationIsVisible = 0;
			defaultConfigurationName = Release;
		};
		49D1B7E506F26982824A93C8 /* Build configuration list for PBXNativeTarget "iOS_final_projectTests" */ = {
			isa = XCConfigurationList;
			buildConfigurations = (
				49D1B32B2143A060A8C590AF /* Debug */,
				49D1B8B4E92F7ABD46EFDBF0 /* Release */,
			);
			defaultConfigurationIsVisible = 0;
			defaultConfigurationName = Release;
		};
		49D1BD779C52DDC64393D5B0 /* Build configuration list for PBXNativeTarget "iOS_final_project" */ = {
			isa = XCConfigurationList;
			buildConfigurations = (
				49D1BEFCD3F13D4E806616E6 /* Debug */,
				49D1BA564D438E7F8F5D4017 /* Release */,
			);
			defaultConfigurationIsVisible = 0;
			defaultConfigurationName = Release;
		};
		49D1BE74543F10C4754EC5C9 /* Build configuration list for PBXProject "iOS_final_project" */ = {
			isa = XCConfigurationList;
			buildConfigurations = (
				49D1BDD37907917BCCA50F48 /* Debug */,
				49D1B8D97F4091D7BBB01B24 /* Release */,
			);
			defaultConfigurationIsVisible = 0;
			defaultConfigurationName = Release;
		};
/* End XCConfigurationList section */
	};
	rootObject = 49D1B59040DE141CAFF1E4DC /* Project object */;
}
